
Microsoft Visual Studio Solution File, Format Version 12.00
# Visual Studio Version 17
VisualStudioVersion = 17.4.33122.133
MinimumVisualStudioVersion = 10.0.40219.1
Project("{FAE04EC0-301F-11D3-BF4B-00C04F79EFBC}") = "EntytiFramework-Slider", "EntytiFramework-Slider\EntytiFramework-Slider.csproj", "{7E037CD3-68DD-4C53-9B2C-0D8E270C3D03}"
EndProject
Global
	GlobalSection(SolutionConfigurationPlatforms) = preSolution
		Debug|Any CPU = Debug|Any CPU
		Release|Any CPU = Release|Any CPU
	EndGlobalSection
	GlobalSection(ProjectConfigurationPlatforms) = postSolution
		{7E037CD3-68DD-4C53-9B2C-0D8E270C3D03}.Debug|Any CPU.ActiveCfg = Debug|Any CPU
		{7E037CD3-68DD-4C53-9B2C-0D8E270C3D03}.Debug|Any CPU.Build.0 = Debug|Any CPU
		{7E037CD3-68DD-4C53-9B2C-0D8E270C3D03}.Release|Any CPU.ActiveCfg = Release|Any CPU
		{7E037CD3-68DD-4C53-9B2C-0D8E270C3D03}.Release|Any CPU.Build.0 = Release|Any CPU
	EndGlobalSection
	GlobalSection(SolutionProperties) = preSolution
		HideSolutionNode = FALSE
	EndGlobalSection
	GlobalSection(ExtensibilityGlobals) = postSolution
		SolutionGuid = {3A7E46A0-3A8C-4B09-B55E-45ABEE3AE3EB}
	EndGlobalSection
EndGlobal
